lockfileVersion: '9.0'

settings:
  autoInstallPeers: true
  excludeLinksFromLockfile: false

importers:

  .:
    devDependencies:
      '@webgpu/types':
        specifier: ^0.1.69
        version: 0.1.69

packages:

  '@webgpu/types@0.1.69':
    resolution: {integrity: sha512-RPmm6kgRbI8e98zSD3RVACvnuktIja5+yLgDAkTmxLr90BEwdTXRQWNLF3ETTTyH/8mKhznZuN5AveXYFEsMGQ==}

snapshots:

  '@webgpu/types@0.1.69': {}
